// !$*UTF8*$!
{
	archiveVersion = 1;
	classes = {
	};
	objectVersion = 46;
	objects = {

/* Begin PBXBuildFile section */
		29E7408E1CFE271C00D282CF /* images.xcassets in Resources */ = {isa = PBXBuildFile; fileRef = 29E7408D1CFE271C00D282CF /* images.xcassets */; };
		29E740901CFEE87800D282CF /* MapKit.framework in Frameworks */ = {isa = PBXBuildFile; fileRef = 29E7408F1CFEE87800D282CF /* MapKit.framework */; settings = {ATTRIBUTES = (Required, ); }; };
		29E740921CFEEFE000D282CF /* MapsController.swift in Sources */ = {isa = PBXBuildFile; fileRef = 29E740911CFEEFE000D282CF /* MapsController.swift */; };
		29E740961D017ED600D282CF /* Polyline.swift in Sources */ = {isa = PBXBuildFile; fileRef = 29E740951D017ED600D282CF /* Polyline.swift */; };
		29E740991D01D82400D282CF /* Passadeiras+CoreDataProperties.swift in Sources */ = {isa = PBXBuildFile; fileRef = 29E740971D01D82400D282CF /* Passadeiras+CoreDataProperties.swift */; };
		29E7409A1D01D82400D282CF /* Passadeiras.swift in Sources */ = {isa = PBXBuildFile; fileRef = 29E740981D01D82400D282CF /* Passadeiras.swift */; };
		29ED3A8A1CF7908400DB38B8 /* AppDelegate.swift in Sources */ = {isa = PBXBuildFile; fileRef = 29ED3A891CF7908400DB38B8 /* AppDelegate.swift */; };
		29ED3A8C1CF7908400DB38B8 /* ViewController.swift in Sources */ = {isa = PBXBuildFile; fileRef = 29ED3A8B1CF7908400DB38B8 /* ViewController.swift */; };
		29ED3A921CF7908400DB38B8 /* ACAPO.xcdatamodeld in Sources */ = {isa = PBXBuildFile; fileRef = 29ED3A901CF7908400DB38B8 /* ACAPO.xcdatamodeld */; };
		29ED3A941CF7908400DB38B8 /* Assets.xcassets in Resources */ = {isa = PBXBuildFile; fileRef = 29ED3A931CF7908400DB38B8 /* Assets.xcassets */; };
		29ED3A971CF7908400DB38B8 /* LaunchScreen.storyboard in Resources */ = {isa = PBXBuildFile; fileRef = 29ED3A951CF7908400DB38B8 /* LaunchScreen.storyboard */; };
		29ED3AA81CF8A25B00DB38B8 /* Main.storyboard in Resources */ = {isa = PBXBuildFile; fileRef = 29ED3AA61CF8A25B00DB38B8 /* Main.storyboard */; };
		29ED3AAB1CFB342D00DB38B8 /* CaminhosPe+CoreDataProperties.swift in Sources */ = {isa = PBXBuildFile; fileRef = 29ED3AA91CFB342D00DB38B8 /* CaminhosPe+CoreDataProperties.swift */; };
		29ED3AAC1CFB342D00DB38B8 /* CaminhosPe.swift in Sources */ = {isa = PBXBuildFile; fileRef = 29ED3AAA1CFB342D00DB38B8 /* CaminhosPe.swift */; };
		29ED3AB21CFCDEF000DB38B8 /* DetalhesCaminho.swift in Sources */ = {isa = PBXBuildFile; fileRef = 29ED3AB11CFCDEF000DB38B8 /* DetalhesCaminho.swift */; };
		29ED3AB61CFDAA8100DB38B8 /* LaunchFile.swift in Sources */ = {isa = PBXBuildFile; fileRef = 29ED3AB51CFDAA8100DB38B8 /* LaunchFile.swift */; };
		29ED3AB81CFDACFD00DB38B8 /* Reachability.swift in Sources */ = {isa = PBXBuildFile; fileRef = 29ED3AB71CFDACFD00DB38B8 /* Reachability.swift */; };
/* End PBXBuildFile section */

/* Begin PBXFileReference section */
		29E7408D1CFE271C00D282CF /* images.xcassets */ = {isa = PBXFileReference; lastKnownFileType = folder.assetcatalog; path = images.xcassets; sourceTree = "<group>"; };
		29E7408F1CFEE87800D282CF /* MapKit.framework */ = {isa = PBXFileReference; lastKnownFileType = wrapper.framework; name = MapKit.framework; path = System/Library/Frameworks/MapKit.framework; sourceTree = SDKROOT; };
		29E740911CFEEFE000D282CF /* MapsController.swift */ = {isa = PBXFileReference; fileEncoding = 4; lastKnownFileType = sourcecode.swift; path = MapsController.swift; sourceTree = "<group>"; };
		29E740951D017ED600D282CF /* Polyline.swift */ = {isa = PBXFileReference; fileEncoding = 4; lastKnownFileType = sourcecode.swift; path = Polyline.swift; sourceTree = "<group>"; };
		29E740971D01D82400D282CF /* Passadeiras+CoreDataProperties.swift */ = {isa = PBXFileReference; fileEncoding = 4; lastKnownFileType = sourcecode.swift; path = "Passadeiras+CoreDataProperties.swift"; sourceTree = "<group>"; };
		29E740981D01D82400D282CF /* Passadeiras.swift */ = {isa = PBXFileReference; fileEncoding = 4; lastKnownFileType = sourcecode.swift; path = Passadeiras.swift; sourceTree = "<group>"; };
		29ED3A861CF7908400DB38B8 /* ACAPO.app */ = {isa = PBXFileReference; explicitFileType = wrapper.application; includeInIndex = 0; path = ACAPO.app; sourceTree = BUILT_PRODUCTS_DIR; };
		29ED3A891CF7908400DB38B8 /* AppDelegate.swift */ = {isa = PBXFileReference; lastKnownFileType = sourcecode.swift; path = AppDelegate.swift; sourceTree = "<group>"; };
		29ED3A8B1CF7908400DB38B8 /* ViewController.swift */ = {isa = PBXFileReference; lastKnownFileType = sourcecode.swift; path = ViewController.swift; sourceTree = "<group>"; };
		29ED3A911CF7908400DB38B8 /* ACAPO.xcdatamodel */ = {isa = PBXFileReference; lastKnownFileType = wrapper.xcdatamodel; path = ACAPO.xcdatamodel; sourceTree = "<group>"; };
		29ED3A931CF7908400DB38B8 /* Assets.xcassets */ = {isa = PBXFileReference; lastKnownFileType = folder.assetcatalog; path = Assets.xcassets; sourceTree = "<group>"; };
		29ED3A961CF7908400DB38B8 /* Base */ = {isa = PBXFileReference; lastKnownFileType = file.storyboard; name = Base; path = Base.lproj/LaunchScreen.storyboard; sourceTree = "<group>"; };
		29ED3A981CF7908400DB38B8 /* Info.plist */ = {isa = PBXFileReference; lastKnownFileType = text.plist.xml; path = Info.plist; sourceTree = "<group>"; };
		29ED3AA71CF8A25B00DB38B8 /* Base */ = {isa = PBXFileReference; lastKnownFileType = file.storyboard; name = Base; path = Base.lproj/Main.storyboard; sourceTree = "<group>"; };
		29ED3AA91CFB342D00DB38B8 /* CaminhosPe+CoreDataProperties.swift */ = {isa = PBXFileReference; fileEncoding = 4; lastKnownFileType = sourcecode.swift; path = "CaminhosPe+CoreDataProperties.swift"; sourceTree = "<group>"; };
		29ED3AAA1CFB342D00DB38B8 /* CaminhosPe.swift */ = {isa = PBXFileReference; fileEncoding = 4; lastKnownFileType = sourcecode.swift; path = CaminhosPe.swift; sourceTree = "<group>"; };
		29ED3AB11CFCDEF000DB38B8 /* DetalhesCaminho.swift */ = {isa = PBXFileReference; fileEncoding = 4; lastKnownFileType = sourcecode.swift; path = DetalhesCaminho.swift; sourceTree = "<group>"; };
		29ED3AB51CFDAA8100DB38B8 /* LaunchFile.swift */ = {isa = PBXFileReference; fileEncoding = 4; lastKnownFileType = sourcecode.swift; path = LaunchFile.swift; sourceTree = "<group>"; };
		29ED3AB71CFDACFD00DB38B8 /* Reachability.swift */ = {isa = PBXFileReference; fileEncoding = 4; lastKnownFileType = sourcecode.swift; path = Reachability.swift; sourceTree = "<group>"; };
/* End PBXFileReference section */

/* Begin PBXFrameworksBuildPhase section */
		29ED3A831CF7908400DB38B8 /* Frameworks */ = {
			isa = PBXFrameworksBuildPhase;
			buildActionMask = 2147483647;
			files = (
				29E740901CFEE87800D282CF /* MapKit.framework in Frameworks */,
			);
			runOnlyForDeploymentPostprocessing = 0;
		};
/* End PBXFrameworksBuildPhase section */

/* Begin PBXGroup section */
		29ED3A7D1CF7908400DB38B8 = {
			isa = PBXGroup;
			children = (
				29E7408F1CFEE87800D282CF /* MapKit.framework */,
				29E740971D01D82400D282CF /* Passadeiras+CoreDataProperties.swift */,
				29E740981D01D82400D282CF /* Passadeiras.swift */,
				29ED3AA91CFB342D00DB38B8 /* CaminhosPe+CoreDataProperties.swift */,
				29ED3AAA1CFB342D00DB38B8 /* CaminhosPe.swift */,
				29ED3A881CF7908400DB38B8 /* ACAPO */,
				29ED3A871CF7908400DB38B8 /* Products */,
			);
			sourceTree = "<group>";
		};
		29ED3A871CF7908400DB38B8 /* Products */ = {
			isa = PBXGroup;
			children = (
				29ED3A861CF7908400DB38B8 /* ACAPO.app */,
			);
			name = Products;
			sourceTree = "<group>";
		};
		29ED3A881CF7908400DB38B8 /* ACAPO */ = {
			isa = PBXGroup;
			children = (
				29E740951D017ED600D282CF /* Polyline.swift */,
				29ED3A891CF7908400DB38B8 /* AppDelegate.swift */,
				29ED3A8B1CF7908400DB38B8 /* ViewController.swift */,
				29ED3AA61CF8A25B00DB38B8 /* Main.storyboard */,
				29ED3A931CF7908400DB38B8 /* Assets.xcassets */,
				29ED3A951CF7908400DB38B8 /* LaunchScreen.storyboard */,
				29ED3A981CF7908400DB38B8 /* Info.plist */,
				29ED3A901CF7908400DB38B8 /* ACAPO.xcdatamodeld */,
				29ED3AB11CFCDEF000DB38B8 /* DetalhesCaminho.swift */,
				29ED3AB51CFDAA8100DB38B8 /* LaunchFile.swift */,
				29ED3AB71CFDACFD00DB38B8 /* Reachability.swift */,
				29E7408D1CFE271C00D282CF /* images.xcassets */,
				29E740911CFEEFE000D282CF /* MapsController.swift */,
			);
			path = ACAPO;
			sourceTree = "<group>";
		};
/* End PBXGroup section */

/* Begin PBXNativeTarget section */
		29ED3A851CF7908400DB38B8 /* ACAPO */ = {
			isa = PBXNativeTarget;
			buildConfigurationList = 29ED3A9B1CF7908400DB38B8 /* Build configuration list for PBXNativeTarget "ACAPO" */;
			buildPhases = (
				29ED3A821CF7908400DB38B8 /* Sources */,
				29ED3A831CF7908400DB38B8 /* Frameworks */,
				29ED3A841CF7908400DB38B8 /* Resources */,
			);
			buildRules = (
			);
			dependencies = (
			);
			name = ACAPO;
			productName = ACAPO;
			productReference = 29ED3A861CF7908400DB38B8 /* ACAPO.app */;
			productType = "com.apple.product-type.application";
		};
/* End PBXNativeTarget section */

/* Begin PBXProject section */
		29ED3A7E1CF7908400DB38B8 /* Project object */ = {
			isa = PBXProject;
			attributes = {
				LastSwiftUpdateCheck = 0720;
				LastUpgradeCheck = 0720;
				ORGANIZATIONNAME = "Diogo Brito";
				TargetAttributes = {
					29ED3A851CF7908400DB38B8 = {
						CreatedOnToolsVersion = 7.2.1;
						DevelopmentTeam = 7AUFV55ZM4;
						SystemCapabilities = {
							com.apple.Maps.iOS = {
								enabled = 1;
							};
						};
					};
				};
			};
			buildConfigurationList = 29ED3A811CF7908400DB38B8 /* Build configuration list for PBXProject "ACAPO" */;
			compatibilityVersion = "Xcode 3.2";
			developmentRegion = English;
			hasScannedForEncodings = 0;
			knownRegions = (
				en,
				Base,
			);
			mainGroup = 29ED3A7D1CF7908400DB38B8;
			productRefGroup = 29ED3A871CF7908400DB38B8 /* Products */;
			projectDirPath = "";
			projectRoot = "";
			targets = (
				29ED3A851CF7908400DB38B8 /* ACAPO */,
			);
		};
/* End PBXProject section */

/* Begin PBXResourcesBuildPhase section */
		29ED3A841CF7908400DB38B8 /* Resources */ = {
			isa = PBXResourcesBuildPhase;
			buildActionMask = 2147483647;
			files = (
				29ED3AA81CF8A25B00DB38B8 /* Main.storyboard in Resources */,
				29E7408E1CFE271C00D282CF /* images.xcassets in Resources */,
				29ED3A971CF7908400DB38B8 /* LaunchScreen.storyboard in Resources */,
				29ED3A941CF7908400DB38B8 /* Assets.xcassets in Resources */,
			);
			runOnlyForDeploymentPostprocessing = 0;
		};
/* End PBXResourcesBuildPhase section */

/* Begin PBXSourcesBuildPhase section */
		29ED3A821CF7908400DB38B8 /* Sources */ = {
			isa = PBXSourcesBuildPhase;
			buildActionMask = 2147483647;
			files = (
				29E740991D01D82400D282CF /* Passadeiras+CoreDataProperties.swift in Sources */,
				29ED3AB21CFCDEF000DB38B8 /* DetalhesCaminho.swift in Sources */,
				29ED3A921CF7908400DB38B8 /* ACAPO.xcdatamodeld in Sources */,
				29ED3AAC1CFB342D00DB38B8 /* CaminhosPe.swift in Sources */,
				29E7409A1D01D82400D282CF /* Passadeiras.swift in Sources */,
				29ED3AB61CFDAA8100DB38B8 /* LaunchFile.swift in Sources */,
				29ED3AAB1CFB342D00DB38B8 /* CaminhosPe+CoreDataProperties.swift in Sources */,
				29E740921CFEEFE000D282CF /* MapsController.swift in Sources */,
				29ED3A8C1CF7908400DB38B8 /* ViewController.swift in Sources */,
				29E740961D017ED600D282CF /* Polyline.swift in Sources */,
				29ED3AB81CFDACFD00DB38B8 /* Reachability.swift in Sources */,
				29ED3A8A1CF7908400DB38B8 /* AppDelegate.swift in Sources */,
			);
			runOnlyForDeploymentPostprocessing = 0;
		};
/* End PBXSourcesBuildPhase section */

/* Begin PBXVariantGroup section */
		29ED3A951CF7908400DB38B8 /* LaunchScreen.storyboard */ = {
			isa = PBXVariantGroup;
			children = (
				29ED3A961CF7908400DB38B8 /* Base */,
			);
			name = LaunchScreen.storyboard;
			sourceTree = "<group>";
		};
		29ED3AA61CF8A25B00DB38B8 /* Main.storyboard */ = {
			isa = PBXVariantGroup;
			children = (
				29ED3AA71CF8A25B00DB38B8 /* Base */,
			);
			name = Main.storyboard;
			sourceTree = "<group>";
		};
/* End PBXVariantGroup section */

/* Begin XCBuildConfiguration section */
		29ED3A991CF7908400DB38B8 /* Debug */ = {
			isa = XCBuildConfiguration;
			buildSettings = {
				ALWAYS_SEARCH_USER_PATHS = NO;
				CLANG_CXX_LANGUAGE_STANDARD = "gnu++0x";
				CLANG_CXX_LIBRARY = "libc++";
				CLANG_ENABLE_MODULES = YES;
				CLANG_ENABLE_OBJC_ARC = YES;
				CLANG_WARN_BOOL_CONVERSION = YES;
				CLANG_WARN_CONSTANT_CONVERSION = YES;
				CLANG_WARN_DIRECT_OBJC_ISA_USAGE = YES_ERROR;
				CLANG_WARN_EMPTY_BODY = YES;
				CLANG_WARN_ENUM_CONVERSION = YES;
				CLANG_WARN_INT_CONVERSION = YES;
				CLANG_WARN_OBJC_ROOT_CLASS = YES_ERROR;
				CLANG_WARN_UNREACHABLE_CODE = YES;
				CLANG_WARN__DUPLICATE_METHOD_MATCH = YES;
				"CODE_SIGN_IDENTITY[sdk=iphoneos*]" = "iPhone Developer";
				COPY_PHASE_STRIP = NO;
				DEBUG_INFORMATION_FORMAT = dwarf;
				ENABLE_STRICT_OBJC_MSGSEND = YES;
				ENABLE_TESTABILITY = YES;
				GCC_C_LANGUAGE_STANDARD = gnu99;
				GCC_DYNAMIC_NO_PIC = NO;
				GCC_NO_COMMON_BLOCKS = YES;
				GCC_OPTIMIZATION_LEVEL = 0;
				GCC_PREPROCESSOR_DEFINITIONS = (
					"DEBUG=1",
					"$(inherited)",
				);
				GCC_WARN_64_TO_32_BIT_CONVERSION = YES;
				GCC_WARN_ABOUT_RETURN_TYPE = YES_ERROR;
				GCC_WARN_UNDECLARED_SELECTOR = YES;
				GCC_WARN_UNINITIALIZED_AUTOS = YES_AGGRESSIVE;
				GCC_WARN_UNUSED_FUNCTION = YES;
				GCC_WARN_UNUSED_VARIABLE = YES;
				IPHONEOS_DEPLOYMENT_TARGET = 9.2;
				MTL_ENABLE_DEBUG_INFO = YES;
				ONLY_ACTIVE_ARCH = YES;
				SDKROOT = iphoneos;
				SWIFT_OPTIMIZATION_LEVEL = "-Onone";
				TARGETED_DEVICE_FAMILY = "1,2";
			};
			name = Debug;
		};
		29ED3A9A1CF7908400DB38B8 /* Release */ = {
			isa = XCBuildConfiguration;
			buildSettings = {
				ALWAYS_SEARCH_USER_PATHS = NO;
				CLANG_CXX_LANGUAGE_STANDARD = "gnu++0x";
				CLANG_CXX_LIBRARY = "libc++";
				CLANG_ENABLE_MODULES = YES;
				CLANG_ENABLE_OBJC_ARC = YES;
				CLANG_WARN_BOOL_CONVERSION = YES;
				CLANG_WARN_CONSTANT_CONVERSION = YES;
				CLANG_WARN_DIRECT_OBJC_ISA_USAGE = YES_ERROR;
				CLANG_WARN_EMPTY_BODY = YES;
				CLANG_WARN_ENUM_CONVERSION = YES;
				CLANG_WARN_INT_CONVERSION = YES;
				CLANG_WARN_OBJC_ROOT_CLASS = YES_ERROR;
				CLANG_WARN_UNREACHABLE_CODE = YES;
				CLANG_WARN__DUPLICATE_METHOD_MATCH = YES;
				"CODE_SIGN_IDENTITY[sdk=iphoneos*]" = "iPhone Developer";
				COPY_PHASE_STRIP = NO;
				DEBUG_INFORMATION_FORMAT = "dwarf-with-dsym";
				ENABLE_NS_ASSERTIONS = NO;
				ENABLE_STRICT_OBJC_MSGSEND = YES;
				GCC_C_LANGUAGE_STANDARD = gnu99;
				GCC_NO_COMMON_BLOCKS = YES;
				GCC_WARN_64_TO_32_BIT_CONVERSION = YES;
				GCC_WARN_ABOUT_RETURN_TYPE = YES_ERROR;
				GCC_WARN_UNDECLARED_SELECTOR = YES;
				GCC_WARN_UNINITIALIZED_AUTOS = YES_AGGRESSIVE;
				GCC_WARN_UNUSED_FUNCTION = YES;
				GCC_WARN_UNUSED_VARIABLE = YES;
				IPHONEOS_DEPLOYMENT_TARGET = 9.2;
				MTL_ENABLE_DEBUG_INFO = NO;
				SDKROOT = iphoneos;
				TARGETED_DEVICE_FAMILY = "1,2";
				VALIDATE_PRODUCT = YES;
			};
			name = Release;
		};
		29ED3A9C1CF7908400DB38B8 /* Debug */ = {
			isa = XCBuildConfiguration;
			buildSettings = {
				ASSETCATALOG_COMPILER_APPICON_NAME = AppIcon;
				CODE_SIGN_IDENTITY = "iPhone Developer";
				"CODE_SIGN_IDENTITY[sdk=iphoneos*]" = "iPhone Developer";
				INFOPLIST_FILE = ACAPO/Info.plist;
				LD_RUNPATH_SEARCH_PATHS = "$(inherited) @executable_path/Frameworks";
				PRODUCT_BUNDLE_IDENTIFIER = diogobrito.ACAPO;
				PRODUCT_NAME = "$(TARGET_NAME)";
				PROVISIONING_PROFILE = "";
				TARGETED_DEVICE_FAMILY = "1,2";
			};
			name = Debug;
		};
		29ED3A9D1CF7908400DB38B8 /* Release */ = {
			isa = XCBuildConfiguration;
			buildSettings = {
				ASSETCATALOG_COMPILER_APPICON_NAME = AppIcon;
				CODE_SIGN_IDENTITY = "iPhone Developer";
				"CODE_SIGN_IDENTITY[sdk=iphoneos*]" = "iPhone Developer";
				INFOPLIST_FILE = ACAPO/Info.plist;
				LD_RUNPATH_SEARCH_PATHS = "$(inherited) @executable_path/Frameworks";
				PRODUCT_BUNDLE_IDENTIFIER = diogobrito.ACAPO;
				PRODUCT_NAME = "$(TARGET_NAME)";
				PROVISIONING_PROFILE = "";
				TARGETED_DEVICE_FAMILY = "1,2";
			};
			name = Release;
		};
/* End XCBuildConfiguration section */

/* Begin XCConfigurationList section */
		29ED3A811CF7908400DB38B8 /* Build configuration list for PBXProject "ACAPO" */ = {
			isa = XCConfigurationList;
			buildConfigurations = (
				29ED3A991CF7908400DB38B8 /* Debug */,
				29ED3A9A1CF7908400DB38B8 /* Release */,
			);
			defaultConfigurationIsVisible = 0;
			defaultConfigurationName = Release;
		};
		29ED3A9B1CF7908400DB38B8 /* Build configuration list for PBXNativeTarget "ACAPO" */ = {
			isa = XCConfigurationList;
			buildConfigurations = (
				29ED3A9C1CF7908400DB38B8 /* Debug */,
				29ED3A9D1CF7908400DB38B8 /* Release */,
			);
			defaultConfigurationIsVisible = 0;
			defaultConfigurationName = Release;
		};
/* End XCConfigurationList section */

/* Begin XCVersionGroup section */
		29ED3A901CF7908400DB38B8 /* ACAPO.xcdatamodeld */ = {
			isa = XCVersionGroup;
			children = (
				29ED3A911CF7908400DB38B8 /* ACAPO.xcdatamodel */,
			);
			currentVersion = 29ED3A911CF7908400DB38B8 /* ACAPO.xcdatamodel */;
			path = ACAPO.xcdatamodeld;
			sourceTree = "<group>";
			versionGroupType = wrapper.xcdatamodel;
		};
/* End XCVersionGroup section */
	};
	rootObject = 29ED3A7E1CF7908400DB38B8 /* Project object */;
}
